// !$*UTF8*$!
{
	archiveVersion = 1;
	classes = {
	};
	objectVersion = 46;
	objects = {

/* Begin PBXBuildFile section */
		7F8CE4721EBE3CEA00A00620 /* AppDelegate.swift in Sources */ = {isa = PBXBuildFile; fileRef = 7F8CE4711EBE3CEA00A00620 /* AppDelegate.swift */; };
		7F8CE4741EBE3CEA00A00620 /* ViewController.swift in Sources */ = {isa = PBXBuildFile; fileRef = 7F8CE4731EBE3CEA00A00620 /* ViewController.swift */; };
		7F8CE4771EBE3CEA00A00620 /* Main.storyboard in Resources */ = {isa = PBXBuildFile; fileRef = 7F8CE4751EBE3CEA00A00620 /* Main.storyboard */; };
		7F8CE4791EBE3CEA00A00620 /* Assets.xcassets in Resources */ = {isa = PBXBuildFile; fileRef = 7F8CE4781EBE3CEA00A00620 /* Assets.xcassets */; };
		7F8CE47C1EBE3CEA00A00620 /* LaunchScreen.storyboard in Resources */ = {isa = PBXBuildFile; fileRef = 7F8CE47A1EBE3CEA00A00620 /* LaunchScreen.storyboard */; };
		7F8CE4871EBE3CEA00A00620 /* HelloWorldTests.swift in Sources */ = {isa = PBXBuildFile; fileRef = 7F8CE4861EBE3CEA00A00620 /* HelloWorldTests.swift */; };
		7F8CE4921EBE3CEA00A00620 /* HelloWorldUITests.swift in Sources */ = {isa = PBXBuildFile; fileRef = 7F8CE4911EBE3CEA00A00620 /* HelloWorldUITests.swift */; };
/* End PBXBuildFile section */

/* Begin PBXContainerItemProxy section */
		7F8CE4831EBE3CEA00A00620 /* PBXContainerItemProxy */ = {
			isa = PBXContainerItemProxy;
			containerPortal = 7F8CE4661EBE3CEA00A00620 /* Project object */;
			proxyType = 1;
			remoteGlobalIDString = 7F8CE46D1EBE3CEA00A00620;
			remoteInfo = HelloWorld;
		};
		7F8CE48E1EBE3CEA00A00620 /* PBXContainerItemProxy */ = {
			isa = PBXContainerItemProxy;
			containerPortal = 7F8CE4661EBE3CEA00A00620 /* Project object */;
			proxyType = 1;
			remoteGlobalIDString = 7F8CE46D1EBE3CEA00A00620;
			remoteInfo = HelloWorld;
		};
/* End PBXContainerItemProxy section */

/* Begin PBXFileReference section */
		7F8CE46E1EBE3CEA00A00620 /* HelloWorld.app */ = {isa = PBXFileReference; explicitFileType = wrapper.application; includeInIndex = 0; path = HelloWorld.app; sourceTree = BUILT_PRODUCTS_DIR; };
		7F8CE4711EBE3CEA00A00620 /* AppDelegate.swift */ = {isa = PBXFileReference; lastKnownFileType = sourcecode.swift; path = AppDelegate.swift; sourceTree = "<group>"; };
		7F8CE4731EBE3CEA00A00620 /* ViewController.swift */ = {isa = PBXFileReference; lastKnownFileType = sourcecode.swift; path = ViewController.swift; sourceTree = "<group>"; };
		7F8CE4761EBE3CEA00A00620 /* Base */ = {isa = PBXFileReference; lastKnownFileType = file.storyboard; name = Base; path = Base.lproj/Main.storyboard; sourceTree = "<group>"; };
		7F8CE4781EBE3CEA00A00620 /* Assets.xcassets */ = {isa = PBXFileReference; lastKnownFileType = folder.assetcatalog; path = Assets.xcassets; sourceTree = "<group>"; };
		7F8CE47B1EBE3CEA00A00620 /* Base */ = {isa = PBXFileReference; lastKnownFileType = file.storyboard; name = Base; path = Base.lproj/LaunchScreen.storyboard; sourceTree = "<group>"; };
		7F8CE47D1EBE3CEA00A00620 /* Info.plist */ = {isa = PBXFileReference; lastKnownFileType = text.plist.xml; path = Info.plist; sourceTree = "<group>"; };
		7F8CE4821EBE3CEA00A00620 /* HelloWorldTests.xctest */ = {isa = PBXFileReference; explicitFileType = wrapper.cfbundle; includeInIndex = 0; path = HelloWorldTests.xctest; sourceTree = BUILT_PRODUCTS_DIR; };
		7F8CE4861EBE3CEA00A00620 /* HelloWorldTests.swift */ = {isa = PBXFileReference; lastKnownFileType = sourcecode.swift; path = HelloWorldTests.swift; sourceTree = "<group>"; };
		7F8CE4881EBE3CEA00A00620 /* Info.plist */ = {isa = PBXFileReference; lastKnownFileType = text.plist.xml; path = Info.plist; sourceTree = "<group>"; };
		7F8CE48D1EBE3CEA00A00620 /* HelloWorldUITests.xctest */ = {isa = PBXFileReference; explicitFileType = wrapper.cfbundle; includeInIndex = 0; path = HelloWorldUITests.xctest; sourceTree = BUILT_PRODUCTS_DIR; };
		7F8CE4911EBE3CEA00A00620 /* HelloWorldUITests.swift */ = {isa = PBXFileReference; lastKnownFileType = sourcecode.swift; path = HelloWorldUITests.swift; sourceTree = "<group>"; };
		7F8CE4931EBE3CEA00A00620 /* Info.plist */ = {isa = PBXFileReference; lastKnownFileType = text.plist.xml; path = Info.plist; sourceTree = "<group>"; };
/* End PBXFileReference section */

/* Begin PBXFrameworksBuildPhase section */
		7F8CE46B1EBE3CEA00A00620 /* Frameworks */ = {
			isa = PBXFrameworksBuildPhase;
			buildActionMask = 2147483647;
			files = (
			);
			runOnlyForDeploymentPostprocessing = 0;
		};
		7F8CE47F1EBE3CEA00A00620 /* Frameworks */ = {
			isa = PBXFrameworksBuildPhase;
			buildActionMask = 2147483647;
			files = (
			);
			runOnlyForDeploymentPostprocessing = 0;
		};
		7F8CE48A1EBE3CEA00A00620 /* Frameworks */ = {
			isa = PBXFrameworksBuildPhase;
			buildActionMask = 2147483647;
			files = (
			);
			runOnlyForDeploymentPostprocessing = 0;
		};
/* End PBXFrameworksBuildPhase section */

/* Begin PBXGroup section */
		7F8CE4651EBE3CEA00A00620 = {
			isa = PBXGroup;
			children = (
				7F8CE4701EBE3CEA00A00620 /* HelloWorld */,
				7F8CE4851EBE3CEA00A00620 /* HelloWorldTests */,
				7F8CE4901EBE3CEA00A00620 /* HelloWorldUITests */,
				7F8CE46F1EBE3CEA00A00620 /* Products */,
			);
			sourceTree = "<group>";
		};
		7F8CE46F1EBE3CEA00A00620 /* Products */ = {
			isa = PBXGroup;
			children = (
				7F8CE46E1EBE3CEA00A00620 /* HelloWorld.app */,
				7F8CE4821EBE3CEA00A00620 /* HelloWorldTests.xctest */,
				7F8CE48D1EBE3CEA00A00620 /* HelloWorldUITests.xctest */,
			);
			name = Products;
			sourceTree = "<group>";
		};
		7F8CE4701EBE3CEA00A00620 /* HelloWorld */ = {
			isa = PBXGroup;
			children = (
				7F8CE4711EBE3CEA00A00620 /* AppDelegate.swift */,
				7F8CE4731EBE3CEA00A00620 /* ViewController.swift */,
				7F8CE4751EBE3CEA00A00620 /* Main.storyboard */,
				7F8CE4781EBE3CEA00A00620 /* Assets.xcassets */,
				7F8CE47A1EBE3CEA00A00620 /* LaunchScreen.storyboard */,
				7F8CE47D1EBE3CEA00A00620 /* Info.plist */,
			);
			path = HelloWorld;
			sourceTree = "<group>";
		};
		7F8CE4851EBE3CEA00A00620 /* HelloWorldTests */ = {
			isa = PBXGroup;
			children = (
				7F8CE4861EBE3CEA00A00620 /* HelloWorldTests.swift */,
				7F8CE4881EBE3CEA00A00620 /* Info.plist */,
			);
			path = HelloWorldTests;
			sourceTree = "<group>";
		};
		7F8CE4901EBE3CEA00A00620 /* HelloWorldUITests */ = {
			isa = PBXGroup;
			children = (
				7F8CE4911EBE3CEA00A00620 /* HelloWorldUITests.swift */,
				7F8CE4931EBE3CEA00A00620 /* Info.plist */,
			);
			path = HelloWorldUITests;
			sourceTree = "<group>";
		};
/* End PBXGroup section */

/* Begin PBXNativeTarget section */
		7F8CE46D1EBE3CEA00A00620 /* HelloWorld */ = {
			isa = PBXNativeTarget;
			buildConfigurationList = 7F8CE4961EBE3CEA00A00620 /* Build configuration list for PBXNativeTarget "HelloWorld" */;
			buildPhases = (
				7F8CE46A1EBE3CEA00A00620 /* Sources */,
				7F8CE46B1EBE3CEA00A00620 /* Frameworks */,
				7F8CE46C1EBE3CEA00A00620 /* Resources */,
			);
			buildRules = (
			);
			dependencies = (
			);
			name = HelloWorld;
			productName = HelloWorld;
			productReference = 7F8CE46E1EBE3CEA00A00620 /* HelloWorld.app */;
			productType = "com.apple.product-type.application";
		};
		7F8CE4811EBE3CEA00A00620 /* HelloWorldTests */ = {
			isa = PBXNativeTarget;
			buildConfigurationList = 7F8CE4991EBE3CEA00A00620 /* Build configuration list for PBXNativeTarget "HelloWorldTests" */;
			buildPhases = (
				7F8CE47E1EBE3CEA00A00620 /* Sources */,
				7F8CE47F1EBE3CEA00A00620 /* Frameworks */,
				7F8CE4801EBE3CEA00A00620 /* Resources */,
			);
			buildRules = (
			);
			dependencies = (
				7F8CE4841EBE3CEA00A00620 /* PBXTargetDependency */,
			);
			name = HelloWorldTests;
			productName = HelloWorldTests;
			productReference = 7F8CE4821EBE3CEA00A00620 /* HelloWorldTests.xctest */;
			productType = "com.apple.product-type.bundle.unit-test";
		};
		7F8CE48C1EBE3CEA00A00620 /* HelloWorldUITests */ = {
			isa = PBXNativeTarget;
			buildConfigurationList = 7F8CE49C1EBE3CEA00A00620 /* Build configuration list for PBXNativeTarget "HelloWorldUITests" */;
			buildPhases = (
				7F8CE4891EBE3CEA00A00620 /* Sources */,
				7F8CE48A1EBE3CEA00A00620 /* Frameworks */,
				7F8CE48B1EBE3CEA00A00620 /* Resources */,
			);
			buildRules = (
			);
			dependencies = (
				7F8CE48F1EBE3CEA00A00620 /* PBXTargetDependency */,
			);
			name = HelloWorldUITests;
			productName = HelloWorldUITests;
			productReference = 7F8CE48D1EBE3CEA00A00620 /* HelloWorldUITests.xctest */;
			productType = "com.apple.product-type.bundle.ui-testing";
		};
/* End PBXNativeTarget section */

/* Begin PBXProject section */
		7F8CE4661EBE3CEA00A00620 /* Project object */ = {
			isa = PBXProject;
			attributes = {
				LastSwiftUpdateCheck = 0830;
				LastUpgradeCheck = 0830;
				ORGANIZATIONNAME = "Liseth Cardozo";
				TargetAttributes = {
					7F8CE46D1EBE3CEA00A00620 = {
						CreatedOnToolsVersion = 8.3.2;
						ProvisioningStyle = Automatic;
					};
					7F8CE4811EBE3CEA00A00620 = {
						CreatedOnToolsVersion = 8.3.2;
						ProvisioningStyle = Automatic;
						TestTargetID = 7F8CE46D1EBE3CEA00A00620;
					};
					7F8CE48C1EBE3CEA00A00620 = {
						CreatedOnToolsVersion = 8.3.2;
						ProvisioningStyle = Automatic;
						TestTargetID = 7F8CE46D1EBE3CEA00A00620;
					};
				};
			};
			buildConfigurationList = 7F8CE4691EBE3CEA00A00620 /* Build configuration list for PBXProject "HelloWorld" */;
			compatibilityVersion = "Xcode 3.2";
			developmentRegion = English;
			hasScannedForEncodings = 0;
			knownRegions = (
				en,
				Base,
			);
			mainGroup = 7F8CE4651EBE3CEA00A00620;
			productRefGroup = 7F8CE46F1EBE3CEA00A00620 /* Products */;
			projectDirPath = "";
			projectRoot = "";
			targets = (
				7F8CE46D1EBE3CEA00A00620 /* HelloWorld */,
				7F8CE4811EBE3CEA00A00620 /* HelloWorldTests */,
				7F8CE48C1EBE3CEA00A00620 /* HelloWorldUITests */,
			);
		};
/* End PBXProject section */

/* Begin PBXResourcesBuildPhase section */
		7F8CE46C1EBE3CEA00A00620 /* Resources */ = {
			isa = PBXResourcesBuildPhase;
			buildActionMask = 2147483647;
			files = (
				7F8CE47C1EBE3CEA00A00620 /* LaunchScreen.storyboard in Resources */,
				7F8CE4791EBE3CEA00A00620 /* Assets.xcassets in Resources */,
				7F8CE4771EBE3CEA00A00620 /* Main.storyboard in Resources */,
			);
			runOnlyForDeploymentPostprocessing = 0;
		};
		7F8CE4801EBE3CEA00A00620 /* Resources */ = {
			isa = PBXResourcesBuildPhase;
			buildActionMask = 2147483647;
			files = (
			);
			runOnlyForDeploymentPostprocessing = 0;
		};
		7F8CE48B1EBE3CEA00A00620 /* Resources */ = {
			isa = PBXResourcesBuildPhase;
			buildActionMask = 2147483647;
			files = (
			);
			runOnlyForDeploymentPostprocessing = 0;
		};
/* End PBXResourcesBuildPhase section */

/* Begin PBXSourcesBuildPhase section */
		7F8CE46A1EBE3CEA00A00620 /* Sources */ = {
			isa = PBXSourcesBuildPhase;
			buildActionMask = 2147483647;
			files = (
				7F8CE4741EBE3CEA00A00620 /* ViewController.swift in Sources */,
				7F8CE4721EBE3CEA00A00620 /* AppDelegate.swift in Sources */,
			);
			runOnlyForDeploymentPostprocessing = 0;
		};
		7F8CE47E1EBE3CEA00A00620 /* Sources */ = {
			isa = PBXSourcesBuildPhase;
			buildActionMask = 2147483647;
			files = (
				7F8CE4871EBE3CEA00A00620 /* HelloWorldTests.swift in Sources */,
			);
			runOnlyForDeploymentPostprocessing = 0;
		};
		7F8CE4891EBE3CEA00A00620 /* Sources */ = {
			isa = PBXSourcesBuildPhase;
			buildActionMask = 2147483647;
			files = (
				7F8CE4921EBE3CEA00A00620 /* HelloWorldUITests.swift in Sources */,
			);
			runOnlyForDeploymentPostprocessing = 0;
		};
/* End PBXSourcesBuildPhase section */

/* Begin PBXTargetDependency section */
		7F8CE4841EBE3CEA00A00620 /* PBXTargetDependency */ = {
			isa = PBXTargetDependency;
			target = 7F8CE46D1EBE3CEA00A00620 /* HelloWorld */;
			targetProxy = 7F8CE4831EBE3CEA00A00620 /* PBXContainerItemProxy */;
		};
		7F8CE48F1EBE3CEA00A00620 /* PBXTargetDependency */ = {
			isa = PBXTargetDependency;
			target = 7F8CE46D1EBE3CEA00A00620 /* HelloWorld */;
			targetProxy = 7F8CE48E1EBE3CEA00A00620 /* PBXContainerItemProxy */;
		};
/* End PBXTargetDependency section */

/* Begin PBXVariantGroup section */
		7F8CE4751EBE3CEA00A00620 /* Main.storyboard */ = {
			isa = PBXVariantGroup;
			children = (
				7F8CE4761EBE3CEA00A00620 /* Base */,
			);
			name = Main.storyboard;
			sourceTree = "<group>";
		};
		7F8CE47A1EBE3CEA00A00620 /* LaunchScreen.storyboard */ = {
			isa = PBXVariantGroup;
			children = (
				7F8CE47B1EBE3CEA00A00620 /* Base */,
			);
			name = LaunchScreen.storyboard;
			sourceTree = "<group>";
		};
/* End PBXVariantGroup section */

/* Begin XCBuildConfiguration section */
		7F8CE4941EBE3CEA00A00620 /* Debug */ = {
			isa = XCBuildConfiguration;
			buildSettings = {
				ALWAYS_SEARCH_USER_PATHS = NO;
				CLANG_ANALYZER_NONNULL = YES;
				CLANG_ANALYZER_NUMBER_OBJECT_CONVERSION = YES_AGGRESSIVE;
				CLANG_CXX_LANGUAGE_STANDARD = "gnu++0x";
				CLANG_CXX_LIBRARY = "libc++";
				CLANG_ENABLE_MODULES = YES;
				CLANG_ENABLE_OBJC_ARC = YES;
				CLANG_WARN_BOOL_CONVERSION = YES;
				CLANG_WARN_CONSTANT_CONVERSION = YES;
				CLANG_WARN_DIRECT_OBJC_ISA_USAGE = YES_ERROR;
				CLANG_WARN_DOCUMENTATION_COMMENTS = YES;
				CLANG_WARN_EMPTY_BODY = YES;
				CLANG_WARN_ENUM_CONVERSION = YES;
				CLANG_WARN_INFINITE_RECURSION = YES;
				CLANG_WARN_INT_CONVERSION = YES;
				CLANG_WARN_OBJC_ROOT_CLASS = YES_ERROR;
				CLANG_WARN_SUSPICIOUS_MOVE = YES;
				CLANG_WARN_UNREACHABLE_CODE = YES;
				CLANG_WARN__DUPLICATE_METHOD_MATCH = YES;
				"CODE_SIGN_IDENTITY[sdk=iphoneos*]" = "iPhone Developer";
				COPY_PHASE_STRIP = NO;
				DEBUG_INFORMATION_FORMAT = dwarf;
				ENABLE_STRICT_OBJC_MSGSEND = YES;
				ENABLE_TESTABILITY = YES;
				GCC_C_LANGUAGE_STANDARD = gnu99;
				GCC_DYNAMIC_NO_PIC = NO;
				GCC_NO_COMMON_BLOCKS = YES;
				GCC_OPTIMIZATION_LEVEL = 0;
				GCC_PREPROCESSOR_DEFINITIONS = (
					"DEBUG=1",
					"$(inherited)",
				);
				GCC_WARN_64_TO_32_BIT_CONVERSION = YES;
				GCC_WARN_ABOUT_RETURN_TYPE = YES_ERROR;
				GCC_WARN_UNDECLARED_SELECTOR = YES;
				GCC_WARN_UNINITIALIZED_AUTOS = YES_AGGRESSIVE;
				GCC_WARN_UNUSED_FUNCTION = YES;
				GCC_WARN_UNUSED_VARIABLE = YES;
				IPHONEOS_DEPLOYMENT_TARGET = 10.3;
				MTL_ENABLE_DEBUG_INFO = YES;
				ONLY_ACTIVE_ARCH = YES;
				SDKROOT = iphoneos;
				SWIFT_ACTIVE_COMPILATION_CONDITIONS = DEBUG;
				SWIFT_OPTIMIZATION_LEVEL = "-Onone";
				TARGETED_DEVICE_FAMILY = "1,2";
			};
			name = Debug;
		};
		7F8CE4951EBE3CEA00A00620 /* Release */ = {
			isa = XCBuildConfiguration;
			buildSettings = {
				ALWAYS_SEARCH_USER_PATHS = NO;
				CLANG_ANALYZER_NONNULL = YES;
				CLANG_ANALYZER_NUMBER_OBJECT_CONVERSION = YES_AGGRESSIVE;
				CLANG_CXX_LANGUAGE_STANDARD = "gnu++0x";
				CLANG_CXX_LIBRARY = "libc++";
				CLANG_ENABLE_MODULES = YES;
				CLANG_ENABLE_OBJC_ARC = YES;
				CLANG_WARN_BOOL_CONVERSION = YES;
				CLANG_WARN_CONSTANT_CONVERSION = YES;
				CLANG_WARN_DIRECT_OBJC_ISA_USAGE = YES_ERROR;
				CLANG_WARN_DOCUMENTATION_COMMENTS = YES;
				CLANG_WARN_EMPTY_BODY = YES;
				CLANG_WARN_ENUM_CONVERSION = YES;
				CLANG_WARN_INFINITE_RECURSION = YES;
				CLANG_WARN_INT_CONVERSION = YES;
				CLANG_WARN_OBJC_ROOT_CLASS = YES_ERROR;
				CLANG_WARN_SUSPICIOUS_MOVE = YES;
				CLANG_WARN_UNREACHABLE_CODE = YES;
				CLANG_WARN__DUPLICATE_METHOD_MATCH = YES;
				"CODE_SIGN_IDENTITY[sdk=iphoneos*]" = "iPhone Developer";
				COPY_PHASE_STRIP = NO;
				DEBUG_INFORMATION_FORMAT = "dwarf-with-dsym";
				ENABLE_NS_ASSERTIONS = NO;
				ENABLE_STRICT_OBJC_MSGSEND = YES;
				GCC_C_LANGUAGE_STANDARD = gnu99;
				GCC_NO_COMMON_BLOCKS = YES;
				GCC_WARN_64_TO_32_BIT_CONVERSION = YES;
				GCC_WARN_ABOUT_RETURN_TYPE = YES_ERROR;
				GCC_WARN_UNDECLARED_SELECTOR = YES;
				GCC_WARN_UNINITIALIZED_AUTOS = YES_AGGRESSIVE;
				GCC_WARN_UNUSED_FUNCTION = YES;
				GCC_WARN_UNUSED_VARIABLE = YES;
				IPHONEOS_DEPLOYMENT_TARGET = 10.3;
				MTL_ENABLE_DEBUG_INFO = NO;
				SDKROOT = iphoneos;
				SWIFT_OPTIMIZATION_LEVEL = "-Owholemodule";
				TARGETED_DEVICE_FAMILY = "1,2";
				VALIDATE_PRODUCT = YES;
			};
			name = Release;
		};
		7F8CE4971EBE3CEA00A00620 /* Debug */ = {
			isa = XCBuildConfiguration;
			buildSettings = {
				ASSETCATALOG_COMPILER_APPICON_NAME = AppIcon;
				INFOPLIST_FILE = HelloWorld/Info.plist;
				LD_RUNPATH_SEARCH_PATHS = "$(inherited) @executable_path/Frameworks";
				PRODUCT_BUNDLE_IDENTIFIER = liscardozo.HelloWorld;
				PRODUCT_NAME = "$(TARGET_NAME)";
				SWIFT_VERSION = 3.0;
			};
			name = Debug;
		};
		7F8CE4981EBE3CEA00A00620 /* Release */ = {
			isa = XCBuildConfiguration;
			buildSettings = {
				ASSETCATALOG_COMPILER_APPICON_NAME = AppIcon;
				INFOPLIST_FILE = HelloWorld/Info.plist;
				LD_RUNPATH_SEARCH_PATHS = "$(inherited) @executable_path/Frameworks";
				PRODUCT_BUNDLE_IDENTIFIER = liscardozo.HelloWorld;
				PRODUCT_NAME = "$(TARGET_NAME)";
				SWIFT_VERSION = 3.0;
			};
			name = Release;
		};
		7F8CE49A1EBE3CEA00A00620 /* Debug */ = {
			isa = XCBuildConfiguration;
			buildSettings = {
				ALWAYS_EMBED_SWIFT_STANDARD_LIBRARIES = YES;
				BUNDLE_LOADER = "$(TEST_HOST)";
				INFOPLIST_FILE = HelloWorldTests/Info.plist;
				LD_RUNPATH_SEARCH_PATHS = "$(inherited) @executable_path/Frameworks @loader_path/Frameworks";
				PRODUCT_BUNDLE_IDENTIFIER = liscardozo.HelloWorldTests;
				PRODUCT_NAME = "$(TARGET_NAME)";
				SWIFT_VERSION = 3.0;
				TEST_HOST = "$(BUILT_PRODUCTS_DIR)/HelloWorld.app/HelloWorld";
			};
			name = Debug;
		};
		7F8CE49B1EBE3CEA00A00620 /* Release */ = {
			isa = XCBuildConfiguration;
			buildSettings = {
				ALWAYS_EMBED_SWIFT_STANDARD_LIBRARIES = YES;
				BUNDLE_LOADER = "$(TEST_HOST)";
				INFOPLIST_FILE = HelloWorldTests/Info.plist;
				LD_RUNPATH_SEARCH_PATHS = "$(inherited) @executable_path/Frameworks @loader_path/Frameworks";
				PRODUCT_BUNDLE_IDENTIFIER = liscardozo.HelloWorldTests;
				PRODUCT_NAME = "$(TARGET_NAME)";
				SWIFT_VERSION = 3.0;
				TEST_HOST = "$(BUILT_PRODUCTS_DIR)/HelloWorld.app/HelloWorld";
			};
			name = Release;
		};
		7F8CE49D1EBE3CEA00A00620 /* Debug */ = {
			isa = XCBuildConfiguration;
			buildSettings = {
				ALWAYS_EMBED_SWIFT_STANDARD_LIBRARIES = YES;
				INFOPLIST_FILE = HelloWorldUITests/Info.plist;
				LD_RUNPATH_SEARCH_PATHS = "$(inherited) @executable_path/Frameworks @loader_path/Frameworks";
				PRODUCT_BUNDLE_IDENTIFIER = liscardozo.HelloWorldUITests;
				PRODUCT_NAME = "$(TARGET_NAME)";
				SWIFT_VERSION = 3.0;
				TEST_TARGET_NAME = HelloWorld;
			};
			name = Debug;
		};
		7F8CE49E1EBE3CEA00A00620 /* Release */ = {
			isa = XCBuildConfiguration;
			buildSettings = {
				ALWAYS_EMBED_SWIFT_STANDARD_LIBRARIES = YES;
				INFOPLIST_FILE = HelloWorldUITests/Info.plist;
				LD_RUNPATH_SEARCH_PATHS = "$(inherited) @executable_path/Frameworks @loader_path/Frameworks";
				PRODUCT_BUNDLE_IDENTIFIER = liscardozo.HelloWorldUITests;
				PRODUCT_NAME = "$(TARGET_NAME)";
				SWIFT_VERSION = 3.0;
				TEST_TARGET_NAME = HelloWorld;
			};
			name = Release;
		};
/* End XCBuildConfiguration section */

/* Begin XCConfigurationList section */
		7F8CE4691EBE3CEA00A00620 /* Build configuration list for PBXProject "HelloWorld" */ = {
			isa = XCConfigurationList;
			buildConfigurations = (
				7F8CE4941EBE3CEA00A00620 /* Debug */,
				7F8CE4951EBE3CEA00A00620 /* Release */,
			);
			defaultConfigurationIsVisible = 0;
			defaultConfigurationName = Release;
		};
		7F8CE4961EBE3CEA00A00620 /* Build configuration list for PBXNativeTarget "HelloWorld" */ = {
			isa = XCConfigurationList;
			buildConfigurations = (
				7F8CE4971EBE3CEA00A00620 /* Debug */,
				7F8CE4981EBE3CEA00A00620 /* Release */,
			);
			defaultConfigurationIsVisible = 0;
		};
		7F8CE4991EBE3CEA00A00620 /* Build configuration list for PBXNativeTarget "HelloWorldTests" */ = {
			isa = XCConfigurationList;
			buildConfigurations = (
				7F8CE49A1EBE3CEA00A00620 /* Debug */,
				7F8CE49B1EBE3CEA00A00620 /* Release */,
			);
			defaultConfigurationIsVisible = 0;
		};
		7F8CE49C1EBE3CEA00A00620 /* Build configuration list for PBXNativeTarget "HelloWorldUITests" */ = {
			isa = XCConfigurationList;
			buildConfigurations = (
				7F8CE49D1EBE3CEA00A00620 /* Debug */,
				7F8CE49E1EBE3CEA00A00620 /* Release */,
			);
			defaultConfigurationIsVisible = 0;
		};
/* End XCConfigurationList section */
	};
	rootObject = 7F8CE4661EBE3CEA00A00620 /* Project object */;
}
